
Microsoft Visual Studio Solution File, Format Version 12.00
# Visual Studio Version 16
VisualStudioVersion = 16.0.31613.86
MinimumVisualStudioVersion = 10.0.40219.1
Project("{FAE04EC0-301F-11D3-BF4B-00C04F79EFBC}") = "DataAccess", "DataAccess\DataAccess.csproj", "{DFAC5452-A6D4-42BE-95B9-F78774779439}"
EndProject
Project("{FAE04EC0-301F-11D3-BF4B-00C04F79EFBC}") = "BusinessObject", "BusinessObject\BusinessObject.csproj", "{D8F6695C-5B10-4A16-B1C8-6784A6ABF948}"
EndProject
Project("{FAE04EC0-301F-11D3-BF4B-00C04F79EFBC}") = "SalesWPFApp", "SalesWPFApp\SalesWPFApp.csproj", "{D7780DBD-C438-4F01-B1DE-BFA9CD34BA45}"
EndProject
Global
	GlobalSection(SolutionConfigurationPlatforms) = preSolution
		Debug|Any CPU = Debug|Any CPU
		Release|Any CPU = Release|Any CPU
	EndGlobalSection
	GlobalSection(ProjectConfigurationPlatforms) = postSolution
		{DFAC5452-A6D4-42BE-95B9-F78774779439}.Debug|Any CPU.ActiveCfg = Debug|Any CPU
		{DFAC5452-A6D4-42BE-95B9-F78774779439}.Debug|Any CPU.Build.0 = Debug|Any CPU
		{DFAC5452-A6D4-42BE-95B9-F78774779439}.Release|Any CPU.ActiveCfg = Release|Any CPU
		{DFAC5452-A6D4-42BE-95B9-F78774779439}.Release|Any CPU.Build.0 = Release|Any CPU
		{D8F6695C-5B10-4A16-B1C8-6784A6ABF948}.Debug|Any CPU.ActiveCfg = Debug|Any CPU
		{D8F6695C-5B10-4A16-B1C8-6784A6ABF948}.Debug|Any CPU.Build.0 = Debug|Any CPU
		{D8F6695C-5B10-4A16-B1C8-6784A6ABF948}.Release|Any CPU.ActiveCfg = Release|Any CPU
		{D8F6695C-5B10-4A16-B1C8-6784A6ABF948}.Release|Any CPU.Build.0 = Release|Any CPU
		{D7780DBD-C438-4F01-B1DE-BFA9CD34BA45}.Debug|Any CPU.ActiveCfg = Debug|Any CPU
		{D7780DBD-C438-4F01-B1DE-BFA9CD34BA45}.Debug|Any CPU.Build.0 = Debug|Any CPU
		{D7780DBD-C438-4F01-B1DE-BFA9CD34BA45}.Release|Any CPU.ActiveCfg = Release|Any CPU
		{D7780DBD-C438-4F01-B1DE-BFA9CD34BA45}.Release|Any CPU.Build.0 = Release|Any CPU
	EndGlobalSection
	GlobalSection(SolutionProperties) = preSolution
		HideSolutionNode = FALSE
	EndGlobalSection
	GlobalSection(ExtensibilityGlobals) = postSolution
		SolutionGuid = {5C7C6288-C365-4693-BFA3-6BB35D8A153C}
	EndGlobalSection
EndGlobal
